
Microsoft Visual Studio Solution File, Format Version 12.00
# Visual Studio Version 18
VisualStudioVersion = 18.10.12201.205 stable
MinimumVisualStudioVersion = 10.0.40219.1
Project("{FAE04EC0-301F-11D3-BF4B-00C04F79EFBC}") = "Cloud Development B  project 1", "Cloud Development B  project 1\Cloud Development B  project 1.csproj", "{EBFA251F-9EEB-4267-9265-E9E4699AC0ED}"
EndProject
Global
	GlobalSection(SolutionConfigurationPlatforms) = preSolution
		Debug|Any CPU = Debug|Any CPU
		Release|Any CPU = Release|Any CPU
	EndGlobalSection
	GlobalSection(ProjectConfigurationPlatforms) = postSolution
		{EBFA251F-9EEB-4267-9265-E9E4699AC0ED}.Debug|Any CPU.ActiveCfg = Debug|Any CPU
		{EBFA251F-9EEB-4267-9265-E9E4699AC0ED}.Debug|Any CPU.Build.0 = Debug|Any CPU
		{EBFA251F-9EEB-4267-9265-E9E4699AC0ED}.Release|Any CPU.ActiveCfg = Release|Any CPU
		{EBFA251F-9EEB-4267-9265-E9E4699AC0ED}.Release|Any CPU.Build.0 = Release|Any CPU
	EndGlobalSection
	GlobalSection(SolutionProperties) = preSolution
		HideSolutionNode = FALSE
	EndGlobalSection
	GlobalSection(ExtensibilityGlobals) = postSolution
		SolutionGuid = {DF3CC266-0552-4F55-A3F3-F2D210B1C877}
	EndGlobalSection
EndGlobal
